
Microsoft Visual Studio Solution File, Format Version 12.00
# Visual Studio Version 17
VisualStudioVersion = 17.7.34221.43
MinimumVisualStudioVersion = 10.0.40219.1
Project("{FAE04EC0-301F-11D3-BF4B-00C04F79EFBC}") = "NewTalents", "NewTalents\NewTalents.csproj", "{59D3B400-EB20-4053-94F0-1FCF647CA46D}"
EndProject
Global
	GlobalSection(SolutionConfigurationPlatforms) = preSolution
		Debug|Any CPU = Debug|Any CPU
		Release|Any CPU = Release|Any CPU
	EndGlobalSection
	GlobalSection(ProjectConfigurationPlatforms) = postSolution
		{59D3B400-EB20-4053-94F0-1FCF647CA46D}.Debug|Any CPU.ActiveCfg = Debug|Any CPU
		{59D3B400-EB20-4053-94F0-1FCF647CA46D}.Debug|Any CPU.Build.0 = Debug|Any CPU
		{59D3B400-EB20-4053-94F0-1FCF647CA46D}.Release|Any CPU.ActiveCfg = Release|Any CPU
		{59D3B400-EB20-4053-94F0-1FCF647CA46D}.Release|Any CPU.Build.0 = Release|Any CPU
	EndGlobalSection
	GlobalSection(SolutionProperties) = preSolution
		HideSolutionNode = FALSE
	EndGlobalSection
	GlobalSection(ExtensibilityGlobals) = postSolution
		SolutionGuid = {15E2ABE4-5639-4AA5-BB25-0E4BF1A9A1E1}
	EndGlobalSection
EndGlobal
